hash: 6e87e4ae2a53b3118fbaa16f113df872177c284b0cb9ce7e996faa14ea1912be
updated: 2017-03-28T09:43:06.756929015-05:00
imports:
- name: github.com/btcsuite/golangcrypto
  version: 53f62d9b43e87a6c56975cf862af7edf33a8d0df
  subpackages:
  - ripemd160
- name: github.com/decred/blake256
  version: a840e32d7c31fe2e0218607334cb120a683951a4
- name: github.com/decred/dcrd
  version: 64a414c64fd59706460f47c2aef5930a9e86dce4
  subpackages:
  - chaincfg
  - chaincfg/chainec
  - chaincfg/chainhash
  - dcrec/edwards
  - dcrec/secp256k1
  - dcrec/secp256k1/schnorr
  - wire
- name: github.com/decred/dcrutil
  version: ee6d002bf0de123fe47a8d2b8489f75145ce746e
  subpackages:
  - base58
  - hdkeychain
- name: github.com/decred/dcrwallet
  version: 0bdc7dad5b253505aed701080d382af3f9a7321d
  subpackages:
  - pgpwordlist
  - walletseed
- name: github.com/decred/ed25519
  version: b0909d3f798b97a03c9e77023f97a5301a2a7900
  subpackages:
  - edwards25519
- name: golang.org/x/crypto
  version: 459e26527287adbc2adcc5d0d49abff9a5f315a7
  subpackages:
  - ripemd160
testImports: []
