hash: 7fe3dbb1e69425a3764e14bf0cb7cec8c5b66f05cffcb52855ae7109d94d31fc
updated: 2017-08-15T21:11:21.545413613+02:00
imports:
- name: github.com/decred/blake256
  version: a840e32d7c31fe2e0218607334cb120a683951a4
- name: github.com/decred/dcrd
  version: e7b128a6722a6cac73d98414450abaad298433c8
  subpackages:
  - chaincfg
  - chaincfg/chainec
  - chaincfg/chainhash
  - dcrec/edwards
  - dcrec/secp256k1
  - dcrec/secp256k1/schnorr
  - wire
- name: github.com/decred/dcrutil
  version: 0598b59926b23eee039b572a020d3daff3118c7f
  subpackages:
  - base58
  - hdkeychain
- name: github.com/decred/dcrwallet
  version: 01458bee6f6f816fd39b37ce3d4b1098b561019e
  subpackages:
  - pgpwordlist
  - walletseed
- name: github.com/decred/ed25519
  version: b0909d3f798b97a03c9e77023f97a5301a2a7900
  subpackages:
  - edwards25519
- name: golang.org/x/crypto
  version: 7e9105388ebff089b3f99f0ef676ea55a6da3a7e
  subpackages:
  - ripemd160
testImports: []
