# This file is autogenerated, do not edit; changes may be undone by the next 'dep ensure'.


[[projects]]
  branch = "master"
  name = "github.com/agl/ed25519"
  packages = [".","edwards25519"]
  revision = "5312a61534124124185d41f09206b9fef1d88403"

[[projects]]
  branch = "master"
  name = "github.com/dchest/blake256"
  packages = ["."]
  revision = "dee3fe6eb0e98dc774a94fc231f85baf7c29d360"

[[projects]]
  branch = "master"
  name = "github.com/decred/base58"
  packages = ["."]
  revision = "b3520e187fa8ebe65eb74245408cf4b83e6a65d3"

[[projects]]
  branch = "master"
  name = "github.com/decred/dcrd"
  packages = ["chaincfg","chaincfg/chainec","chaincfg/chainhash","dcrec/edwards","dcrec/secp256k1","dcrec/secp256k1/schnorr","wire"]
  revision = "50c2884646bba473eadf8b91b0bad29770ef0553"

[[projects]]
  branch = "master"
  name = "github.com/decred/dcrutil"
  packages = [".","hdkeychain"]
  revision = "ad851fbca8d46415507644ed1d6ce7746d155c6f"

[[projects]]
  branch = "master"
  name = "github.com/decred/dcrwallet"
  packages = ["pgpwordlist","walletseed","wif"]
  revision = "b658d314b6cf54fb05b286d3795c2ab360e0f8c4"

[[projects]]
  branch = "master"
  name = "golang.org/x/crypto"
  packages = ["ripemd160"]
  revision = "9419663f5a44be8b34ca85f08abc5fe1be11f8a3"

[solve-meta]
  analyzer-name = "dep"
  analyzer-version = 1
  inputs-digest = "a09755860201042638726928043741f6e983648eed30fd270fda8b1a579c2df4"
  solver-name = "gps-cdcl"
  solver-version = 1
