# This file is autogenerated, do not edit; changes may be undone by the next 'dep ensure'.


[[projects]]
  branch = "master"
  name = "github.com/agl/ed25519"
  packages = [
    ".",
    "edwards25519"
  ]
  revision = "5312a61534124124185d41f09206b9fef1d88403"

[[projects]]
  name = "github.com/dchest/blake256"
  packages = ["."]
  revision = "dee3fe6eb0e98dc774a94fc231f85baf7c29d360"
  version = "v1.0.0"

[[projects]]
  name = "github.com/decred/base58"
  packages = ["."]
  revision = "56c501706f00d9e1cfacee19a27117e12da24734"
  version = "v1.0.0"

[[projects]]
  branch = "master"
  name = "github.com/decred/dcrd"
  packages = [
    "chaincfg",
    "chaincfg/chainec",
    "chaincfg/chainhash",
    "dcrec/edwards",
    "dcrec/secp256k1",
    "dcrec/secp256k1/schnorr",
    "dcrutil",
    "hdkeychain",
    "wire"
  ]
  revision = "a235b830a8de4519d3e631ad5e8be06a709ef020"

[[projects]]
  branch = "master"
  name = "github.com/decred/dcrwallet"
  packages = [
    "errors",
    "pgpwordlist",
    "walletseed"
  ]
  revision = "65504e99da301e230949c1a1e1aa170613128f38"

[[projects]]
  branch = "master"
  name = "golang.org/x/crypto"
  packages = ["ripemd160"]
  revision = "8ac0e0d97ce45cd83d1d7243c060cb8461dda5e9"

[solve-meta]
  analyzer-name = "dep"
  analyzer-version = 1
  inputs-digest = "c5779b96ef29fc9d65a5547618317fc4f6095559f673f73d72bc5288f20ee073"
  solver-name = "gps-cdcl"
  solver-version = 1
